
Microsoft Visual Studio Solution File, Format Version 12.00
# Visual Studio 15
VisualStudioVersion = 15.0.28010.2046
MinimumVisualStudioVersion = 10.0.40219.1
Project("{FAE04EC0-301F-11D3-BF4B-00C04F79EFBC}") = "JS201903TP7DynamicFormValidationB", "JS201903TP7DynamicFormValidationB\JS201903TP7DynamicFormValidationB.csproj", "{9DCCA77E-093E-4A13-B7E0-5BD9DE6643C8}"
EndProject
Global
	GlobalSection(SolutionConfigurationPlatforms) = preSolution
		Debug|Any CPU = Debug|Any CPU
		Release|Any CPU = Release|Any CPU
	EndGlobalSection
	GlobalSection(ProjectConfigurationPlatforms) = postSolution
		{9DCCA77E-093E-4A13-B7E0-5BD9DE6643C8}.Debug|Any CPU.ActiveCfg = Debug|Any CPU
		{9DCCA77E-093E-4A13-B7E0-5BD9DE6643C8}.Debug|Any CPU.Build.0 = Debug|Any CPU
		{9DCCA77E-093E-4A13-B7E0-5BD9DE6643C8}.Release|Any CPU.ActiveCfg = Release|Any CPU
		{9DCCA77E-093E-4A13-B7E0-5BD9DE6643C8}.Release|Any CPU.Build.0 = Release|Any CPU
	EndGlobalSection
	GlobalSection(SolutionProperties) = preSolution
		HideSolutionNode = FALSE
	EndGlobalSection
	GlobalSection(ExtensibilityGlobals) = postSolution
		SolutionGuid = {0447B6F8-2BCF-4AEB-AC77-82928E6C714C}
	EndGlobalSection
EndGlobal
